
Microsoft Visual Studio Solution File, Format Version 12.00
# Visual Studio Version 17
VisualStudioVersion = 17.9.34728.123
MinimumVisualStudioVersion = 10.0.40219.1
Project("{9A19103F-16F7-4668-BE54-9A1E7A4F7556}") = "SM.Store.Api.Web", "SM.Store.Api.Web\SM.Store.Api.Web.csproj", "{84725B3D-989B-4D90-8495-DFAC59AF2903}"
EndProject
Project("{9A19103F-16F7-4668-BE54-9A1E7A4F7556}") = "SM.Store.Api.Common", "SM.Store.Api.Common\SM.Store.Api.Common.csproj", "{FC7B0C1C-A9A5-472D-890C-2B714585B85A}"
EndProject
Project("{9A19103F-16F7-4668-BE54-9A1E7A4F7556}") = "SM.Store.Api.Contracts", "SM.Store.Api.Contracts\SM.Store.Api.Contracts.csproj", "{C98B86C8-01E8-442C-AF63-123200BEA3D6}"
EndProject
Project("{9A19103F-16F7-4668-BE54-9A1E7A4F7556}") = "SM.Store.Api.DAL", "SM.Store.Api.DAL\SM.Store.Api.DAL.csproj", "{77C8401E-2065-404A-B81A-DE82149F8B91}"
EndProject
Project("{9A19103F-16F7-4668-BE54-9A1E7A4F7556}") = "SM.Store.Api.BLL", "SM.Store.Api.BLL\SM.Store.Api.BLL.csproj", "{F000A9C0-9ED0-465B-A80A-DDC55F29F4F6}"
EndProject
Project("{9A19103F-16F7-4668-BE54-9A1E7A4F7556}") = "SM.Store.Api.Http", "SM.Store.Api.Http\SM.Store.Api.Http.csproj", "{37B30FCC-5404-4240-BE10-86A088C6BEAC}"
EndProject
Project("{9A19103F-16F7-4668-BE54-9A1E7A4F7556}") = "SM.Store.Api.HostShared", "SM.Store.Api.HostShared\SM.Store.Api.HostShared.csproj", "{376D5DE3-B1D0-4147-BBA4-F434FF168EE5}"
EndProject
Global
	GlobalSection(SolutionConfigurationPlatforms) = preSolution
		Debug|Any CPU = Debug|Any CPU
		Release|Any CPU = Release|Any CPU
	EndGlobalSection
	GlobalSection(ProjectConfigurationPlatforms) = postSolution
		{84725B3D-989B-4D90-8495-DFAC59AF2903}.Debug|Any CPU.ActiveCfg = Debug|Any CPU
		{84725B3D-989B-4D90-8495-DFAC59AF2903}.Debug|Any CPU.Build.0 = Debug|Any CPU
		{84725B3D-989B-4D90-8495-DFAC59AF2903}.Release|Any CPU.ActiveCfg = Release|Any CPU
		{84725B3D-989B-4D90-8495-DFAC59AF2903}.Release|Any CPU.Build.0 = Release|Any CPU
		{FC7B0C1C-A9A5-472D-890C-2B714585B85A}.Debug|Any CPU.ActiveCfg = Debug|Any CPU
		{FC7B0C1C-A9A5-472D-890C-2B714585B85A}.Debug|Any CPU.Build.0 = Debug|Any CPU
		{FC7B0C1C-A9A5-472D-890C-2B714585B85A}.Release|Any CPU.ActiveCfg = Release|Any CPU
		{FC7B0C1C-A9A5-472D-890C-2B714585B85A}.Release|Any CPU.Build.0 = Release|Any CPU
		{C98B86C8-01E8-442C-AF63-123200BEA3D6}.Debug|Any CPU.ActiveCfg = Debug|Any CPU
		{C98B86C8-01E8-442C-AF63-123200BEA3D6}.Debug|Any CPU.Build.0 = Debug|Any CPU
		{C98B86C8-01E8-442C-AF63-123200BEA3D6}.Release|Any CPU.ActiveCfg = Release|Any CPU
		{C98B86C8-01E8-442C-AF63-123200BEA3D6}.Release|Any CPU.Build.0 = Release|Any CPU
		{77C8401E-2065-404A-B81A-DE82149F8B91}.Debug|Any CPU.ActiveCfg = Debug|Any CPU
		{77C8401E-2065-404A-B81A-DE82149F8B91}.Debug|Any CPU.Build.0 = Debug|Any CPU
		{77C8401E-2065-404A-B81A-DE82149F8B91}.Release|Any CPU.ActiveCfg = Release|Any CPU
		{77C8401E-2065-404A-B81A-DE82149F8B91}.Release|Any CPU.Build.0 = Release|Any CPU
		{F000A9C0-9ED0-465B-A80A-DDC55F29F4F6}.Debug|Any CPU.ActiveCfg = Debug|Any CPU
		{F000A9C0-9ED0-465B-A80A-DDC55F29F4F6}.Debug|Any CPU.Build.0 = Debug|Any CPU
		{F000A9C0-9ED0-465B-A80A-DDC55F29F4F6}.Release|Any CPU.ActiveCfg = Release|Any CPU
		{F000A9C0-9ED0-465B-A80A-DDC55F29F4F6}.Release|Any CPU.Build.0 = Release|Any CPU
		{37B30FCC-5404-4240-BE10-86A088C6BEAC}.Debug|Any CPU.ActiveCfg = Debug|Any CPU
		{37B30FCC-5404-4240-BE10-86A088C6BEAC}.Debug|Any CPU.Build.0 = Debug|Any CPU
		{37B30FCC-5404-4240-BE10-86A088C6BEAC}.Release|Any CPU.ActiveCfg = Release|Any CPU
		{37B30FCC-5404-4240-BE10-86A088C6BEAC}.Release|Any CPU.Build.0 = Release|Any CPU
		{376D5DE3-B1D0-4147-BBA4-F434FF168EE5}.Debug|Any CPU.ActiveCfg = Debug|Any CPU
		{376D5DE3-B1D0-4147-BBA4-F434FF168EE5}.Debug|Any CPU.Build.0 = Debug|Any CPU
		{376D5DE3-B1D0-4147-BBA4-F434FF168EE5}.Release|Any CPU.ActiveCfg = Release|Any CPU
		{376D5DE3-B1D0-4147-BBA4-F434FF168EE5}.Release|Any CPU.Build.0 = Release|Any CPU
	EndGlobalSection
	GlobalSection(SolutionProperties) = preSolution
		HideSolutionNode = FALSE
	EndGlobalSection
	GlobalSection(ExtensibilityGlobals) = postSolution
		SolutionGuid = {748629D0-E8C4-4957-B6C5-FD2096DCAACD}
	EndGlobalSection
EndGlobal
